{
  "requires": true,
  "lockfileVersion": 1,
  "dependencies": {
    "weeknumber": {
      "version": "1.1.2",
      "resolved": "https://registry.npmjs.org/weeknumber/-/weeknumber-1.1.2.tgz",
      "integrity": "sha512-rDgZQ6tpXEUb4t6t47OP4zXtTGYa8gOoOP2xI55oAv+aaNkvRK+2iuH2sk9eEpRAyDaAuAfy8i1TBfwmcG6Dqw=="
    }
  }
}
